
Microsoft Visual Studio Solution File, Format Version 12.00
# Visual Studio Version 16
VisualStudioVersion = 16.0.29613.14
MinimumVisualStudioVersion = 10.0.40219.1
Project("{8BC9CEB8-8B4A-11D0-8D11-00A0C91BC942}") = "read_triangle", "read_triangle.vcxproj", "{328E0820-50E8-4D8C-9339-3532C01738CE}"
EndProject
Global
	GlobalSection(SolutionConfigurationPlatforms) = preSolution
		Debug|x64 = Debug|x64
		Debug|x86 = Debug|x86
		Release|x64 = Release|x64
		Release|x86 = Release|x86
	EndGlobalSection
	GlobalSection(ProjectConfigurationPlatforms) = postSolution
		{328E0820-50E8-4D8C-9339-3532C01738CE}.Debug|x64.ActiveCfg = Debug|x64
		{328E0820-50E8-4D8C-9339-3532C01738CE}.Debug|x64.Build.0 = Debug|x64
		{328E0820-50E8-4D8C-9339-3532C01738CE}.Debug|x86.ActiveCfg = Debug|Win32
		{328E0820-50E8-4D8C-9339-3532C01738CE}.Debug|x86.Build.0 = Debug|Win32
		{328E0820-50E8-4D8C-9339-3532C01738CE}.Release|x64.ActiveCfg = Release|x64
		{328E0820-50E8-4D8C-9339-3532C01738CE}.Release|x64.Build.0 = Release|x64
		{328E0820-50E8-4D8C-9339-3532C01738CE}.Release|x86.ActiveCfg = Release|Win32
		{328E0820-50E8-4D8C-9339-3532C01738CE}.Release|x86.Build.0 = Release|Win32
	EndGlobalSection
	GlobalSection(SolutionProperties) = preSolution
		HideSolutionNode = FALSE
	EndGlobalSection
	GlobalSection(ExtensibilityGlobals) = postSolution
		SolutionGuid = {143C9C87-51E0-4696-8D29-CD76838EDC59}
	EndGlobalSection
EndGlobal
